{
  "originHash" : "c20b05d793e703f7015050844fb3a0b233bad68d39c85d40ecfe1566ef8c48df",
  "pins" : [
    {
      "identity" : "lista",
      "kind" : "remoteSourceControl",
      "location" : "https://github.com/ptsochantaris/lista",
      "state" : {
        "branch" : "main",
        "revision" : "c11f05c3ba6c56c1eecb09663815408d3b11771a"
      }
    }
  ],
  "version" : 3
}
