{
  "originHash" : "44563c1a3d2abfb637887a6b233c8b96472db0d02b6c38ed4ada19c7dd677522",
  "pins" : [
    {
      "identity" : "lista",
      "kind" : "remoteSourceControl",
      "location" : "https://github.com/ptsochantaris/lista",
      "state" : {
        "branch" : "main",
        "revision" : "07b756354cdcc55fbb207bc08f6c4b782eb0419d"
      }
    },
    {
      "identity" : "trailer-json",
      "kind" : "remoteSourceControl",
      "location" : "https://github.com/ptsochantaris/trailer-json",
      "state" : {
        "branch" : "main",
        "revision" : "541648434ad1417d76a54bf10f5e08e65ad74347"
      }
    }
  ],
  "version" : 3
}
