{
  "originHash" : "3c1186ed03505351fd66abeb8ce6cd97ca77ce1298f7b74c7cc72fb805ad9148",
  "pins" : [
    {
      "identity" : "lista",
      "kind" : "remoteSourceControl",
      "location" : "https://github.com/ptsochantaris/lista",
      "state" : {
        "branch" : "main",
        "revision" : "56e6a46113f48e5db6b76997ec2c828f14df52d7"
      }
    },
    {
      "identity" : "trailer-json",
      "kind" : "remoteSourceControl",
      "location" : "https://github.com/ptsochantaris/trailer-json",
      "state" : {
        "branch" : "main",
        "revision" : "6c651dad8f258d3b8d9d19000d32f9ca172bf1f7"
      }
    }
  ],
  "version" : 3
}
